{
  "originHash" : "f7535a969251f0bf4f22ee3f35a7491cf4033d9a78d775655eee7b21ec52d054",
  "pins" : [
    {
      "identity" : "ios-core-data-sdk",
      "kind" : "remoteSourceControl",
      "location" : "https://github.com/FastPix/iOS-core-data-sdk.git",
      "state" : {
        "revision" : "1c349f3095ebd15d6fa221bc8f4d0456a95f7b1f",
        "version" : "1.0.6"
      }
    },
    {
      "identity" : "ios-data-avplayer-sdk",
      "kind" : "remoteSourceControl",
      "location" : "https://github.com/FastPix/iOS-data-avplayer-sdk.git",
      "state" : {
        "revision" : "1eab915f7140c90ec80dafd59313d304c6c9fbde",
        "version" : "1.0.7"
      }
    }
  ],
  "version" : 3
}
