{
  "pins" : [
    {
      "identity" : "ios-core-data-sdk",
      "kind" : "remoteSourceControl",
      "location" : "https://github.com/FastPix/iOS-core-data-sdk.git",
      "state" : {
        "revision" : "0f156873472227c0d8366097e39e8c9c87cf5a8f",
        "version" : "1.0.5"
      }
    }
  ],
  "version" : 2
}
