{
  "pins" : [
    {
      "identity" : "ios-core-data-sdk",
      "kind" : "remoteSourceControl",
      "location" : "https://github.com/FastPix/iOS-core-data-sdk.git",
      "state" : {
        "revision" : "1c349f3095ebd15d6fa221bc8f4d0456a95f7b1f",
        "version" : "1.0.6"
      }
    }
  ],
  "version" : 2
}
